{
  "name": "vue-press",
  "version": "1.0.0",
  "lockfileVersion": 1,
  "requires": true,
  "dependencies": {
    "@vuepress/plugin-active-header-links": {
      "version": "1.0.0-alpha.0",
      "resolved": "https://registry.npmjs.org/@vuepress/plugin-active-header-links/-/plugin-active-header-links-1.0.0-alpha.0.tgz",
      "integrity": "sha512-oB8MJeMh+7LWyaSGRAPPcw6mVfqy+8XP3BgLGrMVFisAhBpAzNgvOrKIzdtbJybRXd25Xt1A6lNglmyg0dYbyg==",
      "dev": true,
      "requires": {
        "lodash.throttle": "4.1.1"
      }
    },
    "@vuepress/plugin-back-to-top": {
      "version": "1.0.0-alpha.0",
      "resolved": "https://registry.npmjs.org/@vuepress/plugin-back-to-top/-/plugin-back-to-top-1.0.0-alpha.0.tgz",
      "integrity": "sha512-Ll7AdL/Lnnqft73NVJlnlZQeWurJ4U6dfeBsbcJjnywrldQ3M4nVdXWxXVCpMOILxpIuzEPhS60sudk93rVtgQ==",
      "dev": true,
      "requires": {
        "lodash.debounce": "4.0.8"
      }
    },
    "@vuepress/plugin-blog": {
      "version": "1.0.0-alpha.0",
      "resolved": "https://registry.npmjs.org/@vuepress/plugin-blog/-/plugin-blog-1.0.0-alpha.0.tgz",
      "integrity": "sha512-s7fBHJShId5gGU/HKYvLgmhUcrgi88xkeGxCNOcz8QT7dXBl1KM/SvR4zlD06RNSzYDpWL5/4CykpJXDRpLGFg==",
      "dev": true
    },
    "@vuepress/plugin-google-analytics": {
      "version": "1.0.0-alpha.0",
      "resolved": "https://registry.npmjs.org/@vuepress/plugin-google-analytics/-/plugin-google-analytics-1.0.0-alpha.0.tgz",
      "integrity": "sha512-WNUIayJFBmTb06bjvFeJd5TlT4qoYcCLN15zkEGeAGH8tCH2BtrwMkSG3BiiWSh3xRUy7kDHhsuclSZcRY08EQ==",
      "dev": true
    },
    "@vuepress/plugin-i18n-ui": {
      "version": "1.0.0-alpha.0",
      "resolved": "https://registry.npmjs.org/@vuepress/plugin-i18n-ui/-/plugin-i18n-ui-1.0.0-alpha.0.tgz",
      "integrity": "sha512-Y1atF+svT645B1ajpxtZcsSk1n6ygk9IvyMjgodDUuWnIf+U2rxfAIHmRJyYqTe3JzKRS9+BvD3vG4cAu8p6oA==",
      "dev": true
    },
    "@vuepress/plugin-medium-zoom": {
      "version": "1.0.0-alpha.0",
      "resolved": "https://registry.npmjs.org/@vuepress/plugin-medium-zoom/-/plugin-medium-zoom-1.0.0-alpha.0.tgz",
      "integrity": "sha512-yAvRhoMRH0OSKqYna/fvfxgFQ6kp/8AmdrPiZRB2POGbHcP+I6igoqAlxGO+5h9l25e94XGwoCTFTJu8m2uuCw==",
      "dev": true,
      "requires": {
        "medium-zoom": "0.4.0"
      }
    },
    "lodash.debounce": {
      "version": "4.0.8",
      "resolved": "https://registry.npmjs.org/lodash.debounce/-/lodash.debounce-4.0.8.tgz",
      "integrity": "sha1-gteb/zCmfEAF/9XiUVMArZyk168=",
      "dev": true
    },
    "lodash.throttle": {
      "version": "4.1.1",
      "resolved": "https://registry.npmjs.org/lodash.throttle/-/lodash.throttle-4.1.1.tgz",
      "integrity": "sha1-wj6RtxAkKscMN/HhzaknTMOb8vQ=",
      "dev": true
    },
    "medium-zoom": {
      "version": "0.4.0",
      "resolved": "https://registry.npmjs.org/medium-zoom/-/medium-zoom-0.4.0.tgz",
      "integrity": "sha512-0z7yMfd6I1BTCAa8QaR4cp5AqDkQD571GzhHIbbfefKEssGLSvs+4Xai/itOAncm4FBlF5gUoMQ22yW9/f8Sig==",
      "dev": true
    }
  }
}
